// !$*UTF8*$!
{
	archiveVersion = 1;
	classes = {
	};
	objectVersion = 56;
	objects = {

/* Begin PBXBuildFile section */
		3E1A327E2A1CFDEA00E4C36B /* AuthenticationModuleApp.swift in Sources */ = {isa = PBXBuildFile; fileRef = 3E1A327D2A1CFDEA00E4C36B /* AuthenticationModuleApp.swift */; };
		3E1A32802A1CFDEA00E4C36B /* ContentView.swift in Sources */ = {isa = PBXBuildFile; fileRef = 3E1A327F2A1CFDEA00E4C36B /* ContentView.swift */; };
		3E1A32822A1CFDEB00E4C36B /* Assets.xcassets in Resources */ = {isa = PBXBuildFile; fileRef = 3E1A32812A1CFDEB00E4C36B /* Assets.xcassets */; };
		3E1A32852A1CFDEB00E4C36B /* Preview Assets.xcassets in Resources */ = {isa = PBXBuildFile; fileRef = 3E1A32842A1CFDEB00E4C36B /* Preview Assets.xcassets */; };
		3E1A328C2A1CFED600E4C36B /* LoginView.swift in Sources */ = {isa = PBXBuildFile; fileRef = 3E1A328B2A1CFED600E4C36B /* LoginView.swift */; };
		3E2086572A2889FB00AC851F /* LoginViewModel.swift in Sources */ = {isa = PBXBuildFile; fileRef = 3E2086562A2889FB00AC851F /* LoginViewModel.swift */; };
		3E250A5D2A248AB7004B4C61 /* Authentication.swift in Sources */ = {isa = PBXBuildFile; fileRef = 3E250A5C2A248AB7004B4C61 /* Authentication.swift */; };
		3E6242A12A28C92C0044F254 /* KeychainWrapper.swift in Sources */ = {isa = PBXBuildFile; fileRef = 3E6242A02A28C92C0044F254 /* KeychainWrapper.swift */; };
		3EC104D92ACC791F0077486C /* KeychainAccess in Frameworks */ = {isa = PBXBuildFile; productRef = 3EC104D82ACC791F0077486C /* KeychainAccess */; };
		3EC104DB2ACC8AC60077486C /* HomeView.swift in Sources */ = {isa = PBXBuildFile; fileRef = 3EC104DA2ACC8AC60077486C /* HomeView.swift */; };
/* End PBXBuildFile section */

/* Begin PBXFileReference section */
		3E1A327A2A1CFDEA00E4C36B /* AuthenticationModule.app */ = {isa = PBXFileReference; explicitFileType = wrapper.application; includeInIndex = 0; path = AuthenticationModule.app; sourceTree = BUILT_PRODUCTS_DIR; };
		3E1A327D2A1CFDEA00E4C36B /* AuthenticationModuleApp.swift */ = {isa = PBXFileReference; lastKnownFileType = sourcecode.swift; path = AuthenticationModuleApp.swift; sourceTree = "<group>"; };
		3E1A327F2A1CFDEA00E4C36B /* ContentView.swift */ = {isa = PBXFileReference; lastKnownFileType = sourcecode.swift; path = ContentView.swift; sourceTree = "<group>"; };
		3E1A32812A1CFDEB00E4C36B /* Assets.xcassets */ = {isa = PBXFileReference; lastKnownFileType = folder.assetcatalog; path = Assets.xcassets; sourceTree = "<group>"; };
		3E1A32842A1CFDEB00E4C36B /* Preview Assets.xcassets */ = {isa = PBXFileReference; lastKnownFileType = folder.assetcatalog; path = "Preview Assets.xcassets"; sourceTree = "<group>"; };
		3E1A328B2A1CFED600E4C36B /* LoginView.swift */ = {isa = PBXFileReference; lastKnownFileType = sourcecode.swift; path = LoginView.swift; sourceTree = "<group>"; };
		3E2086562A2889FB00AC851F /* LoginViewModel.swift */ = {isa = PBXFileReference; lastKnownFileType = sourcecode.swift; path = LoginViewModel.swift; sourceTree = "<group>"; };
		3E250A5C2A248AB7004B4C61 /* Authentication.swift */ = {isa = PBXFileReference; lastKnownFileType = sourcecode.swift; path = Authentication.swift; sourceTree = "<group>"; };
		3E6242A02A28C92C0044F254 /* KeychainWrapper.swift */ = {isa = PBXFileReference; lastKnownFileType = sourcecode.swift; path = KeychainWrapper.swift; sourceTree = "<group>"; };
		3EC104DA2ACC8AC60077486C /* HomeView.swift */ = {isa = PBXFileReference; lastKnownFileType = sourcecode.swift; path = HomeView.swift; sourceTree = "<group>"; };
/* End PBXFileReference section */

/* Begin PBXFrameworksBuildPhase section */
		3E1A32772A1CFDEA00E4C36B /* Frameworks */ = {
			isa = PBXFrameworksBuildPhase;
			buildActionMask = 2147483647;
			files = (
				3EC104D92ACC791F0077486C /* KeychainAccess in Frameworks */,
			);
			runOnlyForDeploymentPostprocessing = 0;
		};
/* End PBXFrameworksBuildPhase section */

/* Begin PBXGroup section */
		3E1A32712A1CFDEA00E4C36B = {
			isa = PBXGroup;
			children = (
				3E1A327C2A1CFDEA00E4C36B /* AuthenticationModule */,
				3E1A327B2A1CFDEA00E4C36B /* Products */,
			);
			sourceTree = "<group>";
		};
		3E1A327B2A1CFDEA00E4C36B /* Products */ = {
			isa = PBXGroup;
			children = (
				3E1A327A2A1CFDEA00E4C36B /* AuthenticationModule.app */,
			);
			name = Products;
			sourceTree = "<group>";
		};
		3E1A327C2A1CFDEA00E4C36B /* AuthenticationModule */ = {
			isa = PBXGroup;
			children = (
				3E1A327D2A1CFDEA00E4C36B /* AuthenticationModuleApp.swift */,
				3E1A327F2A1CFDEA00E4C36B /* ContentView.swift */,
				3E2086552A2889DE00AC851F /* Login */,
				3E1A32812A1CFDEB00E4C36B /* Assets.xcassets */,
				3E1A32832A1CFDEB00E4C36B /* Preview Content */,
			);
			path = AuthenticationModule;
			sourceTree = "<group>";
		};
		3E1A32832A1CFDEB00E4C36B /* Preview Content */ = {
			isa = PBXGroup;
			children = (
				3E1A32842A1CFDEB00E4C36B /* Preview Assets.xcassets */,
			);
			path = "Preview Content";
			sourceTree = "<group>";
		};
		3E2086552A2889DE00AC851F /* Login */ = {
			isa = PBXGroup;
			children = (
				3E1A328B2A1CFED600E4C36B /* LoginView.swift */,
				3E2086562A2889FB00AC851F /* LoginViewModel.swift */,
				3E6242A02A28C92C0044F254 /* KeychainWrapper.swift */,
				3E250A5C2A248AB7004B4C61 /* Authentication.swift */,
				3EC104DA2ACC8AC60077486C /* HomeView.swift */,
			);
			path = Login;
			sourceTree = "<group>";
		};
/* End PBXGroup section */

/* Begin PBXNativeTarget section */
		3E1A32792A1CFDEA00E4C36B /* AuthenticationModule */ = {
			isa = PBXNativeTarget;
			buildConfigurationList = 3E1A32882A1CFDEB00E4C36B /* Build configuration list for PBXNativeTarget "AuthenticationModule" */;
			buildPhases = (
				3E1A32762A1CFDEA00E4C36B /* Sources */,
				3E1A32772A1CFDEA00E4C36B /* Frameworks */,
				3E1A32782A1CFDEA00E4C36B /* Resources */,
			);
			buildRules = (
			);
			dependencies = (
			);
			name = AuthenticationModule;
			packageProductDependencies = (
				3EC104D82ACC791F0077486C /* KeychainAccess */,
			);
			productName = WeavyMessenger;
			productReference = 3E1A327A2A1CFDEA00E4C36B /* AuthenticationModule.app */;
			productType = "com.apple.product-type.application";
		};
/* End PBXNativeTarget section */

/* Begin PBXProject section */
		3E1A32722A1CFDEA00E4C36B /* Project object */ = {
			isa = PBXProject;
			attributes = {
				BuildIndependentTargetsInParallel = 1;
				LastSwiftUpdateCheck = 1430;
				LastUpgradeCheck = 1430;
				TargetAttributes = {
					3E1A32792A1CFDEA00E4C36B = {
						CreatedOnToolsVersion = 14.3;
					};
				};
			};
			buildConfigurationList = 3E1A32752A1CFDEA00E4C36B /* Build configuration list for PBXProject "AuthenticationModule" */;
			compatibilityVersion = "Xcode 14.0";
			developmentRegion = en;
			hasScannedForEncodings = 0;
			knownRegions = (
				en,
				Base,
			);
			mainGroup = 3E1A32712A1CFDEA00E4C36B;
			packageReferences = (
				3EC104D72ACC791F0077486C /* XCRemoteSwiftPackageReference "KeychainAccess" */,
			);
			productRefGroup = 3E1A327B2A1CFDEA00E4C36B /* Products */;
			projectDirPath = "";
			projectRoot = "";
			targets = (
				3E1A32792A1CFDEA00E4C36B /* AuthenticationModule */,
			);
		};
/* End PBXProject section */

/* Begin PBXResourcesBuildPhase section */
		3E1A32782A1CFDEA00E4C36B /* Resources */ = {
			isa = PBXResourcesBuildPhase;
			buildActionMask = 2147483647;
			files = (
				3E1A32852A1CFDEB00E4C36B /* Preview Assets.xcassets in Resources */,
				3E1A32822A1CFDEB00E4C36B /* Assets.xcassets in Resources */,
			);
			runOnlyForDeploymentPostprocessing = 0;
		};
/* End PBXResourcesBuildPhase section */

/* Begin PBXSourcesBuildPhase section */
		3E1A32762A1CFDEA00E4C36B /* Sources */ = {
			isa = PBXSourcesBuildPhase;
			buildActionMask = 2147483647;
			files = (
				3E1A328C2A1CFED600E4C36B /* LoginView.swift in Sources */,
				3EC104DB2ACC8AC60077486C /* HomeView.swift in Sources */,
				3E1A32802A1CFDEA00E4C36B /* ContentView.swift in Sources */,
				3E250A5D2A248AB7004B4C61 /* Authentication.swift in Sources */,
				3E6242A12A28C92C0044F254 /* KeychainWrapper.swift in Sources */,
				3E2086572A2889FB00AC851F /* LoginViewModel.swift in Sources */,
				3E1A327E2A1CFDEA00E4C36B /* AuthenticationModuleApp.swift in Sources */,
			);
			runOnlyForDeploymentPostprocessing = 0;
		};
/* End PBXSourcesBuildPhase section */

/* Begin XCBuildConfiguration section */
		3E1A32862A1CFDEB00E4C36B /* Debug */ = {
			isa = XCBuildConfiguration;
			buildSettings = {
				ALWAYS_SEARCH_USER_PATHS = NO;
				CLANG_ANALYZER_NONNULL = YES;
				CLANG_ANALYZER_NUMBER_OBJECT_CONVERSION = YES_AGGRESSIVE;
				CLANG_CXX_LANGUAGE_STANDARD = "gnu++20";
				CLANG_ENABLE_MODULES = YES;
				CLANG_ENABLE_OBJC_ARC = YES;
				CLANG_ENABLE_OBJC_WEAK = YES;
				CLANG_WARN_BLOCK_CAPTURE_AUTORELEASING = YES;
				CLANG_WARN_BOOL_CONVERSION = YES;
				CLANG_WARN_COMMA = YES;
				CLANG_WARN_CONSTANT_CONVERSION = YES;
				CLANG_WARN_DEPRECATED_OBJC_IMPLEMENTATIONS = YES;
				CLANG_WARN_DIRECT_OBJC_ISA_USAGE = YES_ERROR;
				CLANG_WARN_DOCUMENTATION_COMMENTS = YES;
				CLANG_WARN_EMPTY_BODY = YES;
				CLANG_WARN_ENUM_CONVERSION = YES;
				CLANG_WARN_INFINITE_RECURSION = YES;
				CLANG_WARN_INT_CONVERSION = YES;
				CLANG_WARN_NON_LITERAL_NULL_CONVERSION = YES;
				CLANG_WARN_OBJC_IMPLICIT_RETAIN_SELF = YES;
				CLANG_WARN_OBJC_LITERAL_CONVERSION = YES;
				CLANG_WARN_OBJC_ROOT_CLASS = YES_ERROR;
				CLANG_WARN_QUOTED_INCLUDE_IN_FRAMEWORK_HEADER = YES;
				CLANG_WARN_RANGE_LOOP_ANALYSIS = YES;
				CLANG_WARN_STRICT_PROTOTYPES = YES;
				CLANG_WARN_SUSPICIOUS_MOVE = YES;
				CLANG_WARN_UNGUARDED_AVAILABILITY = YES_AGGRESSIVE;
				CLANG_WARN_UNREACHABLE_CODE = YES;
				CLANG_WARN__DUPLICATE_METHOD_MATCH = YES;
				COPY_PHASE_STRIP = NO;
				DEBUG_INFORMATION_FORMAT = dwarf;
				ENABLE_STRICT_OBJC_MSGSEND = YES;
				ENABLE_TESTABILITY = YES;
				GCC_C_LANGUAGE_STANDARD = gnu11;
				GCC_DYNAMIC_NO_PIC = NO;
				GCC_NO_COMMON_BLOCKS = YES;
				GCC_OPTIMIZATION_LEVEL = 0;
				GCC_PREPROCESSOR_DEFINITIONS = (
					"DEBUG=1",
					"$(inherited)",
				);
				GCC_WARN_64_TO_32_BIT_CONVERSION = YES;
				GCC_WARN_ABOUT_RETURN_TYPE = YES_ERROR;
				GCC_WARN_UNDECLARED_SELECTOR = YES;
				GCC_WARN_UNINITIALIZED_AUTOS = YES_AGGRESSIVE;
				GCC_WARN_UNUSED_FUNCTION = YES;
				GCC_WARN_UNUSED_VARIABLE = YES;
				IPHONEOS_DEPLOYMENT_TARGET = 16.4;
				MTL_ENABLE_DEBUG_INFO = INCLUDE_SOURCE;
				MTL_FAST_MATH = YES;
				ONLY_ACTIVE_ARCH = YES;
				SDKROOT = iphoneos;
				SWIFT_ACTIVE_COMPILATION_CONDITIONS = DEBUG;
				SWIFT_OPTIMIZATION_LEVEL = "-Onone";
			};
			name = Debug;
		};
		3E1A32872A1CFDEB00E4C36B /* Release */ = {
			isa = XCBuildConfiguration;
			buildSettings = {
				ALWAYS_SEARCH_USER_PATHS = NO;
				CLANG_ANALYZER_NONNULL = YES;
				CLANG_ANALYZER_NUMBER_OBJECT_CONVERSION = YES_AGGRESSIVE;
				CLANG_CXX_LANGUAGE_STANDARD = "gnu++20";
				CLANG_ENABLE_MODULES = YES;
				CLANG_ENABLE_OBJC_ARC = YES;
				CLANG_ENABLE_OBJC_WEAK = YES;
				CLANG_WARN_BLOCK_CAPTURE_AUTORELEASING = YES;
				CLANG_WARN_BOOL_CONVERSION = YES;
				CLANG_WARN_COMMA = YES;
				CLANG_WARN_CONSTANT_CONVERSION = YES;
				CLANG_WARN_DEPRECATED_OBJC_IMPLEMENTATIONS = YES;
				CLANG_WARN_DIRECT_OBJC_ISA_USAGE = YES_ERROR;
				CLANG_WARN_DOCUMENTATION_COMMENTS = YES;
				CLANG_WARN_EMPTY_BODY = YES;
				CLANG_WARN_ENUM_CONVERSION = YES;
				CLANG_WARN_INFINITE_RECURSION = YES;
				CLANG_WARN_INT_CONVERSION = YES;
				CLANG_WARN_NON_LITERAL_NULL_CONVERSION = YES;
				CLANG_WARN_OBJC_IMPLICIT_RETAIN_SELF = YES;
				CLANG_WARN_OBJC_LITERAL_CONVERSION = YES;
				CLANG_WARN_OBJC_ROOT_CLASS = YES_ERROR;
				CLANG_WARN_QUOTED_INCLUDE_IN_FRAMEWORK_HEADER = YES;
				CLANG_WARN_RANGE_LOOP_ANALYSIS = YES;
				CLANG_WARN_STRICT_PROTOTYPES = YES;
				CLANG_WARN_SUSPICIOUS_MOVE = YES;
				CLANG_WARN_UNGUARDED_AVAILABILITY = YES_AGGRESSIVE;
				CLANG_WARN_UNREACHABLE_CODE = YES;
				CLANG_WARN__DUPLICATE_METHOD_MATCH = YES;
				COPY_PHASE_STRIP = NO;
				DEBUG_INFORMATION_FORMAT = "dwarf-with-dsym";
				ENABLE_NS_ASSERTIONS = NO;
				ENABLE_STRICT_OBJC_MSGSEND = YES;
				GCC_C_LANGUAGE_STANDARD = gnu11;
				GCC_NO_COMMON_BLOCKS = YES;
				GCC_WARN_64_TO_32_BIT_CONVERSION = YES;
				GCC_WARN_ABOUT_RETURN_TYPE = YES_ERROR;
				GCC_WARN_UNDECLARED_SELECTOR = YES;
				GCC_WARN_UNINITIALIZED_AUTOS = YES_AGGRESSIVE;
				GCC_WARN_UNUSED_FUNCTION = YES;
				GCC_WARN_UNUSED_VARIABLE = YES;
				IPHONEOS_DEPLOYMENT_TARGET = 16.4;
				MTL_ENABLE_DEBUG_INFO = NO;
				MTL_FAST_MATH = YES;
				SDKROOT = iphoneos;
				SWIFT_COMPILATION_MODE = wholemodule;
				SWIFT_OPTIMIZATION_LEVEL = "-O";
				VALIDATE_PRODUCT = YES;
			};
			name = Release;
		};
		3E1A32892A1CFDEB00E4C36B /* Debug */ = {
			isa = XCBuildConfiguration;
			buildSettings = {
				ASSETCATALOG_COMPILER_APPICON_NAME = AppIcon;
				ASSETCATALOG_COMPILER_GLOBAL_ACCENT_COLOR_NAME = AccentColor;
				CODE_SIGN_STYLE = Automatic;
				CURRENT_PROJECT_VERSION = 1;
				DEVELOPMENT_ASSET_PATHS = "\"AuthenticationModule/Preview Content\"";
				DEVELOPMENT_TEAM = 783R3GBGCZ;
				ENABLE_PREVIEWS = YES;
				GENERATE_INFOPLIST_FILE = YES;
				INFOPLIST_KEY_UIApplicationSceneManifest_Generation = YES;
				INFOPLIST_KEY_UIApplicationSupportsIndirectInputEvents = YES;
				INFOPLIST_KEY_UILaunchScreen_Generation = YES;
				INFOPLIST_KEY_UISupportedInterfaceOrientations_iPad = "UIInterfaceOrientationPortrait UIInterfaceOrientationPortraitUpsideDown UIInterfaceOrientationLandscapeLeft UIInterfaceOrientationLandscapeRight";
				INFOPLIST_KEY_UISupportedInterfaceOrientations_iPhone = "UIInterfaceOrientationPortrait UIInterfaceOrientationLandscapeLeft UIInterfaceOrientationLandscapeRight";
				LD_RUNPATH_SEARCH_PATHS = (
					"$(inherited)",
					"@executable_path/Frameworks",
				);
				MARKETING_VERSION = 1.0;
				PRODUCT_BUNDLE_IDENTIFIER = se.pavlotheo.AuthenticationModule;
				PRODUCT_NAME = "$(TARGET_NAME)";
				SWIFT_EMIT_LOC_STRINGS = YES;
				SWIFT_VERSION = 5.0;
				TARGETED_DEVICE_FAMILY = "1,2";
			};
			name = Debug;
		};
		3E1A328A2A1CFDEB00E4C36B /* Release */ = {
			isa = XCBuildConfiguration;
			buildSettings = {
				ASSETCATALOG_COMPILER_APPICON_NAME = AppIcon;
				ASSETCATALOG_COMPILER_GLOBAL_ACCENT_COLOR_NAME = AccentColor;
				CODE_SIGN_STYLE = Automatic;
				CURRENT_PROJECT_VERSION = 1;
				DEVELOPMENT_ASSET_PATHS = "\"AuthenticationModule/Preview Content\"";
				DEVELOPMENT_TEAM = 783R3GBGCZ;
				ENABLE_PREVIEWS = YES;
				GENERATE_INFOPLIST_FILE = YES;
				INFOPLIST_KEY_UIApplicationSceneManifest_Generation = YES;
				INFOPLIST_KEY_UIApplicationSupportsIndirectInputEvents = YES;
				INFOPLIST_KEY_UILaunchScreen_Generation = YES;
				INFOPLIST_KEY_UISupportedInterfaceOrientations_iPad = "UIInterfaceOrientationPortrait UIInterfaceOrientationPortraitUpsideDown UIInterfaceOrientationLandscapeLeft UIInterfaceOrientationLandscapeRight";
				INFOPLIST_KEY_UISupportedInterfaceOrientations_iPhone = "UIInterfaceOrientationPortrait UIInterfaceOrientationLandscapeLeft UIInterfaceOrientationLandscapeRight";
				LD_RUNPATH_SEARCH_PATHS = (
					"$(inherited)",
					"@executable_path/Frameworks",
				);
				MARKETING_VERSION = 1.0;
				PRODUCT_BUNDLE_IDENTIFIER = se.pavlotheo.AuthenticationModule;
				PRODUCT_NAME = "$(TARGET_NAME)";
				SWIFT_EMIT_LOC_STRINGS = YES;
				SWIFT_VERSION = 5.0;
				TARGETED_DEVICE_FAMILY = "1,2";
			};
			name = Release;
		};
/* End XCBuildConfiguration section */

/* Begin XCConfigurationList section */
		3E1A32752A1CFDEA00E4C36B /* Build configuration list for PBXProject "AuthenticationModule" */ = {
			isa = XCConfigurationList;
			buildConfigurations = (
				3E1A32862A1CFDEB00E4C36B /* Debug */,
				3E1A32872A1CFDEB00E4C36B /* Release */,
			);
			defaultConfigurationIsVisible = 0;
			defaultConfigurationName = Release;
		};
		3E1A32882A1CFDEB00E4C36B /* Build configuration list for PBXNativeTarget "AuthenticationModule" */ = {
			isa = XCConfigurationList;
			buildConfigurations = (
				3E1A32892A1CFDEB00E4C36B /* Debug */,
				3E1A328A2A1CFDEB00E4C36B /* Release */,
			);
			defaultConfigurationIsVisible = 0;
			defaultConfigurationName = Release;
		};
/* End XCConfigurationList section */

/* Begin XCRemoteSwiftPackageReference section */
		3EC104D72ACC791F0077486C /* XCRemoteSwiftPackageReference "KeychainAccess" */ = {
			isa = XCRemoteSwiftPackageReference;
			repositoryURL = "https://github.com/kishikawakatsumi/KeychainAccess.git";
			requirement = {
				branch = master;
				kind = branch;
			};
		};
/* End XCRemoteSwiftPackageReference section */

/* Begin XCSwiftPackageProductDependency section */
		3EC104D82ACC791F0077486C /* KeychainAccess */ = {
			isa = XCSwiftPackageProductDependency;
			package = 3EC104D72ACC791F0077486C /* XCRemoteSwiftPackageReference "KeychainAccess" */;
			productName = KeychainAccess;
		};
/* End XCSwiftPackageProductDependency section */
	};
	rootObject = 3E1A32722A1CFDEA00E4C36B /* Project object */;
}
